
Microsoft Visual Studio Solution File, Format Version 12.00
# Visual Studio Version 16
VisualStudioVersion = 16.0.30621.155
MinimumVisualStudioVersion = 10.0.40219.1
Project("{9A19103F-16F7-4668-BE54-9A1E7A4F7556}") = "ManagerSIRMLD", "ManagerSIRMLD.csproj", "{6A772F83-CE53-4BC8-8B2E-E9D7D6EBFAB5}"
EndProject
Global
	GlobalSection(SolutionConfigurationPlatforms) = preSolution
		Debug|Any CPU = Debug|Any CPU
		Release|Any CPU = Release|Any CPU
	EndGlobalSection
	GlobalSection(ProjectConfigurationPlatforms) = postSolution
		{6A772F83-CE53-4BC8-8B2E-E9D7D6EBFAB5}.Debug|Any CPU.ActiveCfg = Debug|Any CPU
		{6A772F83-CE53-4BC8-8B2E-E9D7D6EBFAB5}.Debug|Any CPU.Build.0 = Debug|Any CPU
		{6A772F83-CE53-4BC8-8B2E-E9D7D6EBFAB5}.Release|Any CPU.ActiveCfg = Release|Any CPU
		{6A772F83-CE53-4BC8-8B2E-E9D7D6EBFAB5}.Release|Any CPU.Build.0 = Release|Any CPU
	EndGlobalSection
	GlobalSection(SolutionProperties) = preSolution
		HideSolutionNode = FALSE
	EndGlobalSection
	GlobalSection(ExtensibilityGlobals) = postSolution
		SolutionGuid = {48F28012-F344-420E-AD3C-12FE15FF2E3A}
	EndGlobalSection
EndGlobal
